// !$*UTF8*$!
{
	archiveVersion = 1;
	classes = {
	};
	objectVersion = 56;
	objects = {

/* Begin PBXBuildFile section */
		43304ACF2A4DD6580031C434 /* FileUtils.swift in Sources */ = {isa = PBXBuildFile; fileRef = 43304ACE2A4DD6580031C434 /* FileUtils.swift */; };
		43304AE12A505D560031C434 /* SecretDB.swift in Sources */ = {isa = PBXBuildFile; fileRef = 43304AE02A505D560031C434 /* SecretDB.swift */; };
		4334202D2A35C7AF00C4CA84 /* iSecretsApp.swift in Sources */ = {isa = PBXBuildFile; fileRef = 4334202C2A35C7AF00C4CA84 /* iSecretsApp.swift */; };
		4334202F2A35C7AF00C4CA84 /* ContentView.swift in Sources */ = {isa = PBXBuildFile; fileRef = 4334202E2A35C7AF00C4CA84 /* ContentView.swift */; };
		433420312A35C7B000C4CA84 /* Assets.xcassets in Resources */ = {isa = PBXBuildFile; fileRef = 433420302A35C7B000C4CA84 /* Assets.xcassets */; };
		433420342A35C7B000C4CA84 /* Preview Assets.xcassets in Resources */ = {isa = PBXBuildFile; fileRef = 433420332A35C7B000C4CA84 /* Preview Assets.xcassets */; };
		4334203C2A35DB5600C4CA84 /* FilesContentView.swift in Sources */ = {isa = PBXBuildFile; fileRef = 4334203B2A35DB5600C4CA84 /* FilesContentView.swift */; };
		4334203F2A360F6900C4CA84 /* AlbumContentView.swift in Sources */ = {isa = PBXBuildFile; fileRef = 4334203E2A360F6900C4CA84 /* AlbumContentView.swift */; };
		433420412A361C8C00C4CA84 /* Core.swift in Sources */ = {isa = PBXBuildFile; fileRef = 433420402A361C8C00C4CA84 /* Core.swift */; };
		43B8640E2A376C8900494852 /* Model.swift in Sources */ = {isa = PBXBuildFile; fileRef = 43B8640D2A376C8900494852 /* Model.swift */; };
		43B864102A3771DA00494852 /* PathUtils.swift in Sources */ = {isa = PBXBuildFile; fileRef = 43B8640F2A3771DA00494852 /* PathUtils.swift */; };
		43B864132A37728400494852 /* String+Ext.swift in Sources */ = {isa = PBXBuildFile; fileRef = 43B864122A37728400494852 /* String+Ext.swift */; };
		43D2AAF12A3A09E100841737 /* AppDelegate.swift in Sources */ = {isa = PBXBuildFile; fileRef = 43D2AAF02A3A09E100841737 /* AppDelegate.swift */; };
		43D2AAF32A3A0B6400841737 /* EnterPwdView.swift in Sources */ = {isa = PBXBuildFile; fileRef = 43D2AAF22A3A0B6400841737 /* EnterPwdView.swift */; };
		43E777D22A5310E8003C1D17 /* Data+Ext.swift in Sources */ = {isa = PBXBuildFile; fileRef = 43E777D12A5310E8003C1D17 /* Data+Ext.swift */; };
		C45E96F327F313C0D65C8101 /* Pods_iSecrets.framework in Frameworks */ = {isa = PBXBuildFile; fileRef = 2288C6809AE172996B90A347 /* Pods_iSecrets.framework */; };
/* End PBXBuildFile section */

/* Begin PBXFileReference section */
		2288C6809AE172996B90A347 /* Pods_iSecrets.framework */ = {isa = PBXFileReference; explicitFileType = wrapper.framework; includeInIndex = 0; path = Pods_iSecrets.framework; sourceTree = BUILT_PRODUCTS_DIR; };
		43304ACE2A4DD6580031C434 /* FileUtils.swift */ = {isa = PBXFileReference; lastKnownFileType = sourcecode.swift; path = FileUtils.swift; sourceTree = "<group>"; };
		43304AE02A505D560031C434 /* SecretDB.swift */ = {isa = PBXFileReference; lastKnownFileType = sourcecode.swift; path = SecretDB.swift; sourceTree = "<group>"; };
		433420292A35C7AF00C4CA84 /* iSecrets.app */ = {isa = PBXFileReference; explicitFileType = wrapper.application; includeInIndex = 0; path = iSecrets.app; sourceTree = BUILT_PRODUCTS_DIR; };
		4334202C2A35C7AF00C4CA84 /* iSecretsApp.swift */ = {isa = PBXFileReference; lastKnownFileType = sourcecode.swift; path = iSecretsApp.swift; sourceTree = "<group>"; };
		4334202E2A35C7AF00C4CA84 /* ContentView.swift */ = {isa = PBXFileReference; lastKnownFileType = sourcecode.swift; path = ContentView.swift; sourceTree = "<group>"; };
		433420302A35C7B000C4CA84 /* Assets.xcassets */ = {isa = PBXFileReference; lastKnownFileType = folder.assetcatalog; path = Assets.xcassets; sourceTree = "<group>"; };
		433420332A35C7B000C4CA84 /* Preview Assets.xcassets */ = {isa = PBXFileReference; lastKnownFileType = folder.assetcatalog; path = "Preview Assets.xcassets"; sourceTree = "<group>"; };
		4334203B2A35DB5600C4CA84 /* FilesContentView.swift */ = {isa = PBXFileReference; lastKnownFileType = sourcecode.swift; path = FilesContentView.swift; sourceTree = "<group>"; };
		4334203E2A360F6900C4CA84 /* AlbumContentView.swift */ = {isa = PBXFileReference; lastKnownFileType = sourcecode.swift; path = AlbumContentView.swift; sourceTree = "<group>"; };
		433420402A361C8C00C4CA84 /* Core.swift */ = {isa = PBXFileReference; lastKnownFileType = sourcecode.swift; path = Core.swift; sourceTree = "<group>"; };
		43B864082A376B3A00494852 /* iSecrets-Bridging-Header.h */ = {isa = PBXFileReference; lastKnownFileType = sourcecode.c.h; path = "iSecrets-Bridging-Header.h"; sourceTree = "<group>"; };
		43B8640D2A376C8900494852 /* Model.swift */ = {isa = PBXFileReference; lastKnownFileType = sourcecode.swift; path = Model.swift; sourceTree = "<group>"; };
		43B8640F2A3771DA00494852 /* PathUtils.swift */ = {isa = PBXFileReference; lastKnownFileType = sourcecode.swift; path = PathUtils.swift; sourceTree = "<group>"; };
		43B864122A37728400494852 /* String+Ext.swift */ = {isa = PBXFileReference; lastKnownFileType = sourcecode.swift; path = "String+Ext.swift"; sourceTree = "<group>"; };
		43D2AAF02A3A09E100841737 /* AppDelegate.swift */ = {isa = PBXFileReference; lastKnownFileType = sourcecode.swift; path = AppDelegate.swift; sourceTree = "<group>"; };
		43D2AAF22A3A0B6400841737 /* EnterPwdView.swift */ = {isa = PBXFileReference; lastKnownFileType = sourcecode.swift; path = EnterPwdView.swift; sourceTree = "<group>"; };
		43E777D12A5310E8003C1D17 /* Data+Ext.swift */ = {isa = PBXFileReference; lastKnownFileType = sourcecode.swift; path = "Data+Ext.swift"; sourceTree = "<group>"; };
		970F379BD89F8C1A5CA31C85 /* Pods-iSecrets.debug.xcconfig */ = {isa = PBXFileReference; includeInIndex = 1; lastKnownFileType = text.xcconfig; name = "Pods-iSecrets.debug.xcconfig"; path = "Target Support Files/Pods-iSecrets/Pods-iSecrets.debug.xcconfig"; sourceTree = "<group>"; };
		ABC68323CC6AB87D93029822 /* Pods-iSecrets.release.xcconfig */ = {isa = PBXFileReference; includeInIndex = 1; lastKnownFileType = text.xcconfig; name = "Pods-iSecrets.release.xcconfig"; path = "Target Support Files/Pods-iSecrets/Pods-iSecrets.release.xcconfig"; sourceTree = "<group>"; };
/* End PBXFileReference section */

/* Begin PBXFrameworksBuildPhase section */
		433420262A35C7AF00C4CA84 /* Frameworks */ = {
			isa = PBXFrameworksBuildPhase;
			buildActionMask = 2147483647;
			files = (
				C45E96F327F313C0D65C8101 /* Pods_iSecrets.framework in Frameworks */,
			);
			runOnlyForDeploymentPostprocessing = 0;
		};
/* End PBXFrameworksBuildPhase section */

/* Begin PBXGroup section */
		433420202A35C7AF00C4CA84 = {
			isa = PBXGroup;
			children = (
				4334202B2A35C7AF00C4CA84 /* iSecrets */,
				4334202A2A35C7AF00C4CA84 /* Products */,
				DBE9396FC9790947BAD134F9 /* Pods */,
				58B5F006C904309CCBB6DF05 /* Frameworks */,
			);
			sourceTree = "<group>";
		};
		4334202A2A35C7AF00C4CA84 /* Products */ = {
			isa = PBXGroup;
			children = (
				433420292A35C7AF00C4CA84 /* iSecrets.app */,
			);
			name = Products;
			sourceTree = "<group>";
		};
		4334202B2A35C7AF00C4CA84 /* iSecrets */ = {
			isa = PBXGroup;
			children = (
				43B8640C2A376C7900494852 /* Base */,
				43B864072A376B1700494852 /* Core */,
				4334203A2A35DB3000C4CA84 /* Files */,
				4334202C2A35C7AF00C4CA84 /* iSecretsApp.swift */,
				4334202E2A35C7AF00C4CA84 /* ContentView.swift */,
				43D2AAF22A3A0B6400841737 /* EnterPwdView.swift */,
				43D2AAF02A3A09E100841737 /* AppDelegate.swift */,
				433420302A35C7B000C4CA84 /* Assets.xcassets */,
				433420322A35C7B000C4CA84 /* Preview Content */,
			);
			path = iSecrets;
			sourceTree = "<group>";
		};
		433420322A35C7B000C4CA84 /* Preview Content */ = {
			isa = PBXGroup;
			children = (
				433420332A35C7B000C4CA84 /* Preview Assets.xcassets */,
			);
			path = "Preview Content";
			sourceTree = "<group>";
		};
		4334203A2A35DB3000C4CA84 /* Files */ = {
			isa = PBXGroup;
			children = (
				4334203B2A35DB5600C4CA84 /* FilesContentView.swift */,
				4334203E2A360F6900C4CA84 /* AlbumContentView.swift */,
			);
			path = Files;
			sourceTree = "<group>";
		};
		43B864072A376B1700494852 /* Core */ = {
			isa = PBXGroup;
			children = (
				433420402A361C8C00C4CA84 /* Core.swift */,
				43304AE02A505D560031C434 /* SecretDB.swift */,
				43B864082A376B3A00494852 /* iSecrets-Bridging-Header.h */,
			);
			path = Core;
			sourceTree = "<group>";
		};
		43B8640C2A376C7900494852 /* Base */ = {
			isa = PBXGroup;
			children = (
				43B864112A37724300494852 /* Extension */,
				43304ACE2A4DD6580031C434 /* FileUtils.swift */,
				43B8640F2A3771DA00494852 /* PathUtils.swift */,
				43B8640D2A376C8900494852 /* Model.swift */,
			);
			path = Base;
			sourceTree = "<group>";
		};
		43B864112A37724300494852 /* Extension */ = {
			isa = PBXGroup;
			children = (
				43B864122A37728400494852 /* String+Ext.swift */,
				43E777D12A5310E8003C1D17 /* Data+Ext.swift */,
			);
			path = Extension;
			sourceTree = "<group>";
		};
		58B5F006C904309CCBB6DF05 /* Frameworks */ = {
			isa = PBXGroup;
			children = (
				2288C6809AE172996B90A347 /* Pods_iSecrets.framework */,
			);
			name = Frameworks;
			sourceTree = "<group>";
		};
		DBE9396FC9790947BAD134F9 /* Pods */ = {
			isa = PBXGroup;
			children = (
				970F379BD89F8C1A5CA31C85 /* Pods-iSecrets.debug.xcconfig */,
				ABC68323CC6AB87D93029822 /* Pods-iSecrets.release.xcconfig */,
			);
			path = Pods;
			sourceTree = "<group>";
		};
/* End PBXGroup section */

/* Begin PBXNativeTarget section */
		433420282A35C7AF00C4CA84 /* iSecrets */ = {
			isa = PBXNativeTarget;
			buildConfigurationList = 433420372A35C7B000C4CA84 /* Build configuration list for PBXNativeTarget "iSecrets" */;
			buildPhases = (
				2F90988B0101BA2538395B69 /* [CP] Check Pods Manifest.lock */,
				433420252A35C7AF00C4CA84 /* Sources */,
				433420262A35C7AF00C4CA84 /* Frameworks */,
				433420272A35C7AF00C4CA84 /* Resources */,
				DDF4AA960963B8470C3EEB57 /* [CP] Embed Pods Frameworks */,
			);
			buildRules = (
			);
			dependencies = (
			);
			name = iSecrets;
			productName = iSecrets;
			productReference = 433420292A35C7AF00C4CA84 /* iSecrets.app */;
			productType = "com.apple.product-type.application";
		};
/* End PBXNativeTarget section */

/* Begin PBXProject section */
		433420212A35C7AF00C4CA84 /* Project object */ = {
			isa = PBXProject;
			attributes = {
				BuildIndependentTargetsInParallel = 1;
				LastSwiftUpdateCheck = 1410;
				LastUpgradeCheck = 1410;
				TargetAttributes = {
					433420282A35C7AF00C4CA84 = {
						CreatedOnToolsVersion = 14.1;
						LastSwiftMigration = 1410;
					};
				};
			};
			buildConfigurationList = 433420242A35C7AF00C4CA84 /* Build configuration list for PBXProject "iSecrets" */;
			compatibilityVersion = "Xcode 14.0";
			developmentRegion = en;
			hasScannedForEncodings = 0;
			knownRegions = (
				en,
				Base,
			);
			mainGroup = 433420202A35C7AF00C4CA84;
			productRefGroup = 4334202A2A35C7AF00C4CA84 /* Products */;
			projectDirPath = "";
			projectRoot = "";
			targets = (
				433420282A35C7AF00C4CA84 /* iSecrets */,
			);
		};
/* End PBXProject section */

/* Begin PBXResourcesBuildPhase section */
		433420272A35C7AF00C4CA84 /* Resources */ = {
			isa = PBXResourcesBuildPhase;
			buildActionMask = 2147483647;
			files = (
				433420342A35C7B000C4CA84 /* Preview Assets.xcassets in Resources */,
				433420312A35C7B000C4CA84 /* Assets.xcassets in Resources */,
			);
			runOnlyForDeploymentPostprocessing = 0;
		};
/* End PBXResourcesBuildPhase section */

/* Begin PBXShellScriptBuildPhase section */
		2F90988B0101BA2538395B69 /* [CP] Check Pods Manifest.lock */ = {
			isa = PBXShellScriptBuildPhase;
			buildActionMask = 2147483647;
			files = (
			);
			inputFileListPaths = (
			);
			inputPaths = (
				"${PODS_PODFILE_DIR_PATH}/Podfile.lock",
				"${PODS_ROOT}/Manifest.lock",
			);
			name = "[CP] Check Pods Manifest.lock";
			outputFileListPaths = (
			);
			outputPaths = (
				"$(DERIVED_FILE_DIR)/Pods-iSecrets-checkManifestLockResult.txt",
			);
			runOnlyForDeploymentPostprocessing = 0;
			shellPath = /bin/sh;
			shellScript = "diff \"${PODS_PODFILE_DIR_PATH}/Podfile.lock\" \"${PODS_ROOT}/Manifest.lock\" > /dev/null\nif [ $? != 0 ] ; then\n    # print error to STDERR\n    echo \"error: The sandbox is not in sync with the Podfile.lock. Run 'pod install' or update your CocoaPods installation.\" >&2\n    exit 1\nfi\n# This output is used by Xcode 'outputs' to avoid re-running this script phase.\necho \"SUCCESS\" > \"${SCRIPT_OUTPUT_FILE_0}\"\n";
			showEnvVarsInLog = 0;
		};
		DDF4AA960963B8470C3EEB57 /* [CP] Embed Pods Frameworks */ = {
			isa = PBXShellScriptBuildPhase;
			buildActionMask = 2147483647;
			files = (
			);
			inputFileListPaths = (
				"${PODS_ROOT}/Target Support Files/Pods-iSecrets/Pods-iSecrets-frameworks-${CONFIGURATION}-input-files.xcfilelist",
			);
			name = "[CP] Embed Pods Frameworks";
			outputFileListPaths = (
				"${PODS_ROOT}/Target Support Files/Pods-iSecrets/Pods-iSecrets-frameworks-${CONFIGURATION}-output-files.xcfilelist",
			);
			runOnlyForDeploymentPostprocessing = 0;
			shellPath = /bin/sh;
			shellScript = "\"${PODS_ROOT}/Target Support Files/Pods-iSecrets/Pods-iSecrets-frameworks.sh\"\n";
			showEnvVarsInLog = 0;
		};
/* End PBXShellScriptBuildPhase section */

/* Begin PBXSourcesBuildPhase section */
		433420252A35C7AF00C4CA84 /* Sources */ = {
			isa = PBXSourcesBuildPhase;
			buildActionMask = 2147483647;
			files = (
				43B864132A37728400494852 /* String+Ext.swift in Sources */,
				43B864102A3771DA00494852 /* PathUtils.swift in Sources */,
				43B8640E2A376C8900494852 /* Model.swift in Sources */,
				43304ACF2A4DD6580031C434 /* FileUtils.swift in Sources */,
				43D2AAF12A3A09E100841737 /* AppDelegate.swift in Sources */,
				4334203F2A360F6900C4CA84 /* AlbumContentView.swift in Sources */,
				4334203C2A35DB5600C4CA84 /* FilesContentView.swift in Sources */,
				4334202F2A35C7AF00C4CA84 /* ContentView.swift in Sources */,
				433420412A361C8C00C4CA84 /* Core.swift in Sources */,
				43E777D22A5310E8003C1D17 /* Data+Ext.swift in Sources */,
				43304AE12A505D560031C434 /* SecretDB.swift in Sources */,
				4334202D2A35C7AF00C4CA84 /* iSecretsApp.swift in Sources */,
				43D2AAF32A3A0B6400841737 /* EnterPwdView.swift in Sources */,
			);
			runOnlyForDeploymentPostprocessing = 0;
		};
/* End PBXSourcesBuildPhase section */

/* Begin XCBuildConfiguration section */
		433420352A35C7B000C4CA84 /* Debug */ = {
			isa = XCBuildConfiguration;
			buildSettings = {
				ALWAYS_SEARCH_USER_PATHS = NO;
				CLANG_ANALYZER_NONNULL = YES;
				CLANG_ANALYZER_NUMBER_OBJECT_CONVERSION = YES_AGGRESSIVE;
				CLANG_CXX_LANGUAGE_STANDARD = "gnu++20";
				CLANG_ENABLE_MODULES = YES;
				CLANG_ENABLE_OBJC_ARC = YES;
				CLANG_ENABLE_OBJC_WEAK = YES;
				CLANG_WARN_BLOCK_CAPTURE_AUTORELEASING = YES;
				CLANG_WARN_BOOL_CONVERSION = YES;
				CLANG_WARN_COMMA = YES;
				CLANG_WARN_CONSTANT_CONVERSION = YES;
				CLANG_WARN_DEPRECATED_OBJC_IMPLEMENTATIONS = YES;
				CLANG_WARN_DIRECT_OBJC_ISA_USAGE = YES_ERROR;
				CLANG_WARN_DOCUMENTATION_COMMENTS = YES;
				CLANG_WARN_EMPTY_BODY = YES;
				CLANG_WARN_ENUM_CONVERSION = YES;
				CLANG_WARN_INFINITE_RECURSION = YES;
				CLANG_WARN_INT_CONVERSION = YES;
				CLANG_WARN_NON_LITERAL_NULL_CONVERSION = YES;
				CLANG_WARN_OBJC_IMPLICIT_RETAIN_SELF = YES;
				CLANG_WARN_OBJC_LITERAL_CONVERSION = YES;
				CLANG_WARN_OBJC_ROOT_CLASS = YES_ERROR;
				CLANG_WARN_QUOTED_INCLUDE_IN_FRAMEWORK_HEADER = YES;
				CLANG_WARN_RANGE_LOOP_ANALYSIS = YES;
				CLANG_WARN_STRICT_PROTOTYPES = YES;
				CLANG_WARN_SUSPICIOUS_MOVE = YES;
				CLANG_WARN_UNGUARDED_AVAILABILITY = YES_AGGRESSIVE;
				CLANG_WARN_UNREACHABLE_CODE = YES;
				CLANG_WARN__DUPLICATE_METHOD_MATCH = YES;
				COPY_PHASE_STRIP = NO;
				DEBUG_INFORMATION_FORMAT = dwarf;
				ENABLE_STRICT_OBJC_MSGSEND = YES;
				ENABLE_TESTABILITY = YES;
				GCC_C_LANGUAGE_STANDARD = gnu11;
				GCC_DYNAMIC_NO_PIC = NO;
				GCC_NO_COMMON_BLOCKS = YES;
				GCC_OPTIMIZATION_LEVEL = 0;
				GCC_PREPROCESSOR_DEFINITIONS = (
					"DEBUG=1",
					"$(inherited)",
				);
				GCC_WARN_64_TO_32_BIT_CONVERSION = YES;
				GCC_WARN_ABOUT_RETURN_TYPE = YES_ERROR;
				GCC_WARN_UNDECLARED_SELECTOR = YES;
				GCC_WARN_UNINITIALIZED_AUTOS = YES_AGGRESSIVE;
				GCC_WARN_UNUSED_FUNCTION = YES;
				GCC_WARN_UNUSED_VARIABLE = YES;
				IPHONEOS_DEPLOYMENT_TARGET = 16.1;
				MTL_ENABLE_DEBUG_INFO = INCLUDE_SOURCE;
				MTL_FAST_MATH = YES;
				ONLY_ACTIVE_ARCH = YES;
				SDKROOT = iphoneos;
				SWIFT_ACTIVE_COMPILATION_CONDITIONS = DEBUG;
				SWIFT_OPTIMIZATION_LEVEL = "-Onone";
			};
			name = Debug;
		};
		433420362A35C7B000C4CA84 /* Release */ = {
			isa = XCBuildConfiguration;
			buildSettings = {
				ALWAYS_SEARCH_USER_PATHS = NO;
				CLANG_ANALYZER_NONNULL = YES;
				CLANG_ANALYZER_NUMBER_OBJECT_CONVERSION = YES_AGGRESSIVE;
				CLANG_CXX_LANGUAGE_STANDARD = "gnu++20";
				CLANG_ENABLE_MODULES = YES;
				CLANG_ENABLE_OBJC_ARC = YES;
				CLANG_ENABLE_OBJC_WEAK = YES;
				CLANG_WARN_BLOCK_CAPTURE_AUTORELEASING = YES;
				CLANG_WARN_BOOL_CONVERSION = YES;
				CLANG_WARN_COMMA = YES;
				CLANG_WARN_CONSTANT_CONVERSION = YES;
				CLANG_WARN_DEPRECATED_OBJC_IMPLEMENTATIONS = YES;
				CLANG_WARN_DIRECT_OBJC_ISA_USAGE = YES_ERROR;
				CLANG_WARN_DOCUMENTATION_COMMENTS = YES;
				CLANG_WARN_EMPTY_BODY = YES;
				CLANG_WARN_ENUM_CONVERSION = YES;
				CLANG_WARN_INFINITE_RECURSION = YES;
				CLANG_WARN_INT_CONVERSION = YES;
				CLANG_WARN_NON_LITERAL_NULL_CONVERSION = YES;
				CLANG_WARN_OBJC_IMPLICIT_RETAIN_SELF = YES;
				CLANG_WARN_OBJC_LITERAL_CONVERSION = YES;
				CLANG_WARN_OBJC_ROOT_CLASS = YES_ERROR;
				CLANG_WARN_QUOTED_INCLUDE_IN_FRAMEWORK_HEADER = YES;
				CLANG_WARN_RANGE_LOOP_ANALYSIS = YES;
				CLANG_WARN_STRICT_PROTOTYPES = YES;
				CLANG_WARN_SUSPICIOUS_MOVE = YES;
				CLANG_WARN_UNGUARDED_AVAILABILITY = YES_AGGRESSIVE;
				CLANG_WARN_UNREACHABLE_CODE = YES;
				CLANG_WARN__DUPLICATE_METHOD_MATCH = YES;
				COPY_PHASE_STRIP = NO;
				DEBUG_INFORMATION_FORMAT = "dwarf-with-dsym";
				ENABLE_NS_ASSERTIONS = NO;
				ENABLE_STRICT_OBJC_MSGSEND = YES;
				GCC_C_LANGUAGE_STANDARD = gnu11;
				GCC_NO_COMMON_BLOCKS = YES;
				GCC_WARN_64_TO_32_BIT_CONVERSION = YES;
				GCC_WARN_ABOUT_RETURN_TYPE = YES_ERROR;
				GCC_WARN_UNDECLARED_SELECTOR = YES;
				GCC_WARN_UNINITIALIZED_AUTOS = YES_AGGRESSIVE;
				GCC_WARN_UNUSED_FUNCTION = YES;
				GCC_WARN_UNUSED_VARIABLE = YES;
				IPHONEOS_DEPLOYMENT_TARGET = 16.1;
				MTL_ENABLE_DEBUG_INFO = NO;
				MTL_FAST_MATH = YES;
				SDKROOT = iphoneos;
				SWIFT_COMPILATION_MODE = wholemodule;
				SWIFT_OPTIMIZATION_LEVEL = "-O";
				VALIDATE_PRODUCT = YES;
			};
			name = Release;
		};
		433420382A35C7B000C4CA84 /* Debug */ = {
			isa = XCBuildConfiguration;
			baseConfigurationReference = 970F379BD89F8C1A5CA31C85 /* Pods-iSecrets.debug.xcconfig */;
			buildSettings = {
				ASSETCATALOG_COMPILER_APPICON_NAME = AppIcon;
				ASSETCATALOG_COMPILER_GLOBAL_ACCENT_COLOR_NAME = AccentColor;
				CLANG_ENABLE_MODULES = YES;
				CODE_SIGN_STYLE = Automatic;
				CURRENT_PROJECT_VERSION = 1;
				DEVELOPMENT_ASSET_PATHS = "\"iSecrets/Preview Content\"";
				ENABLE_PREVIEWS = YES;
				GENERATE_INFOPLIST_FILE = YES;
				INFOPLIST_KEY_UIApplicationSceneManifest_Generation = YES;
				INFOPLIST_KEY_UIApplicationSupportsIndirectInputEvents = YES;
				INFOPLIST_KEY_UILaunchScreen_Generation = YES;
				INFOPLIST_KEY_UISupportedInterfaceOrientations_iPad = "UIInterfaceOrientationPortrait UIInterfaceOrientationPortraitUpsideDown UIInterfaceOrientationLandscapeLeft UIInterfaceOrientationLandscapeRight";
				INFOPLIST_KEY_UISupportedInterfaceOrientations_iPhone = "UIInterfaceOrientationPortrait UIInterfaceOrientationLandscapeLeft UIInterfaceOrientationLandscapeRight";
				LD_RUNPATH_SEARCH_PATHS = (
					"$(inherited)",
					"@executable_path/Frameworks",
				);
				MARKETING_VERSION = 1.0;
				PRODUCT_BUNDLE_IDENTIFIER = com.dl.iSecrets;
				PRODUCT_NAME = "$(TARGET_NAME)";
				SWIFT_EMIT_LOC_STRINGS = YES;
				SWIFT_OBJC_BRIDGING_HEADER = "iSecrets/Core/iSecrets-Bridging-Header.h";
				SWIFT_OPTIMIZATION_LEVEL = "-Onone";
				SWIFT_VERSION = 5.0;
				TARGETED_DEVICE_FAMILY = "1,2";
			};
			name = Debug;
		};
		433420392A35C7B000C4CA84 /* Release */ = {
			isa = XCBuildConfiguration;
			baseConfigurationReference = ABC68323CC6AB87D93029822 /* Pods-iSecrets.release.xcconfig */;
			buildSettings = {
				ASSETCATALOG_COMPILER_APPICON_NAME = AppIcon;
				ASSETCATALOG_COMPILER_GLOBAL_ACCENT_COLOR_NAME = AccentColor;
				CLANG_ENABLE_MODULES = YES;
				CODE_SIGN_STYLE = Automatic;
				CURRENT_PROJECT_VERSION = 1;
				DEVELOPMENT_ASSET_PATHS = "\"iSecrets/Preview Content\"";
				ENABLE_PREVIEWS = YES;
				GENERATE_INFOPLIST_FILE = YES;
				INFOPLIST_KEY_UIApplicationSceneManifest_Generation = YES;
				INFOPLIST_KEY_UIApplicationSupportsIndirectInputEvents = YES;
				INFOPLIST_KEY_UILaunchScreen_Generation = YES;
				INFOPLIST_KEY_UISupportedInterfaceOrientations_iPad = "UIInterfaceOrientationPortrait UIInterfaceOrientationPortraitUpsideDown UIInterfaceOrientationLandscapeLeft UIInterfaceOrientationLandscapeRight";
				INFOPLIST_KEY_UISupportedInterfaceOrientations_iPhone = "UIInterfaceOrientationPortrait UIInterfaceOrientationLandscapeLeft UIInterfaceOrientationLandscapeRight";
				LD_RUNPATH_SEARCH_PATHS = (
					"$(inherited)",
					"@executable_path/Frameworks",
				);
				MARKETING_VERSION = 1.0;
				PRODUCT_BUNDLE_IDENTIFIER = com.dl.iSecrets;
				PRODUCT_NAME = "$(TARGET_NAME)";
				SWIFT_EMIT_LOC_STRINGS = YES;
				SWIFT_OBJC_BRIDGING_HEADER = "iSecrets/Core/iSecrets-Bridging-Header.h";
				SWIFT_VERSION = 5.0;
				TARGETED_DEVICE_FAMILY = "1,2";
			};
			name = Release;
		};
/* End XCBuildConfiguration section */

/* Begin XCConfigurationList section */
		433420242A35C7AF00C4CA84 /* Build configuration list for PBXProject "iSecrets" */ = {
			isa = XCConfigurationList;
			buildConfigurations = (
				433420352A35C7B000C4CA84 /* Debug */,
				433420362A35C7B000C4CA84 /* Release */,
			);
			defaultConfigurationIsVisible = 0;
			defaultConfigurationName = Release;
		};
		433420372A35C7B000C4CA84 /* Build configuration list for PBXNativeTarget "iSecrets" */ = {
			isa = XCConfigurationList;
			buildConfigurations = (
				433420382A35C7B000C4CA84 /* Debug */,
				433420392A35C7B000C4CA84 /* Release */,
			);
			defaultConfigurationIsVisible = 0;
			defaultConfigurationName = Release;
		};
/* End XCConfigurationList section */
	};
	rootObject = 433420212A35C7AF00C4CA84 /* Project object */;
}
